
Microsoft Visual Studio Solution File, Format Version 12.00
# Visual Studio Version 16
VisualStudioVersion = 16.0.30204.135
MinimumVisualStudioVersion = 10.0.40219.1
Project("{FAE04EC0-301F-11D3-BF4B-00C04F79EFBC}") = "intentT2", "intentT2.csproj", "{8FE297A3-C4F7-48A4-9E49-90D05B5F8946}"
EndProject
Global
	GlobalSection(SolutionConfigurationPlatforms) = preSolution
		Debug|Any CPU = Debug|Any CPU
		Release|Any CPU = Release|Any CPU
	EndGlobalSection
	GlobalSection(ProjectConfigurationPlatforms) = postSolution
		{8FE297A3-C4F7-48A4-9E49-90D05B5F8946}.Debug|Any CPU.ActiveCfg = Debug|Any CPU
		{8FE297A3-C4F7-48A4-9E49-90D05B5F8946}.Debug|Any CPU.Build.0 = Debug|Any CPU
		{8FE297A3-C4F7-48A4-9E49-90D05B5F8946}.Release|Any CPU.ActiveCfg = Release|Any CPU
		{8FE297A3-C4F7-48A4-9E49-90D05B5F8946}.Release|Any CPU.Build.0 = Release|Any CPU
	EndGlobalSection
	GlobalSection(SolutionProperties) = preSolution
		HideSolutionNode = FALSE
	EndGlobalSection
	GlobalSection(ExtensibilityGlobals) = postSolution
		SolutionGuid = {716B6DF5-CF02-4E31-9695-944FCD6DF80D}
	EndGlobalSection
EndGlobal
